
Microsoft Visual Studio Solution File, Format Version 12.00
# Visual Studio Version 17
VisualStudioVersion = 17.4.33103.184
MinimumVisualStudioVersion = 10.0.40219.1
Project("{9A19103F-16F7-4668-BE54-9A1E7A4F7556}") = "ExecuteDeleteSample", "ExecuteDeleteSample\ExecuteDeleteSample.csproj", "{14DB1CAA-71C2-42C2-9F60-C225FB36C8EF}"
EndProject
Project("{9A19103F-16F7-4668-BE54-9A1E7A4F7556}") = "ExecuteUpdateSample", "ExecuteUpdateSample\ExecuteUpdateSample.csproj", "{A9BDBD89-0CC7-4BDD-8765-841E7107E252}"
EndProject
Project("{9A19103F-16F7-4668-BE54-9A1E7A4F7556}") = "NewInEFCore7", "NewInEFCore7\NewInEFCore7.csproj", "{E0ADCB66-82C3-4E99-A841-3FD9FBAFB1C7}"
EndProject
Project("{2150E333-8FDC-42A3-9474-1A3956D46DE8}") = "Solution Items", "Solution Items", "{FDB443CB-B728-4608-B057-0FE1E8EDE7E3}"
	ProjectSection(SolutionItems) = preProject
		readme.md = readme.md
	EndProjectSection
EndProject
Project("{9A19103F-16F7-4668-BE54-9A1E7A4F7556}") = "IMaterializationInterceptorSample", "IMaterializationInterceptorSample\IMaterializationInterceptorSample.csproj", "{6B489C5E-BF91-459F-BAD9-EA9FB8368D0D}"
EndProject
Project("{2150E333-8FDC-42A3-9474-1A3956D46DE8}") = "Class projects", "Class projects", "{7673675A-9A0C-4C70-95EF-6B3A3BBD39B5}"
EndProject
Project("{9A19103F-16F7-4668-BE54-9A1E7A4F7556}") = "SqlServerLibrary", "SqlServerLibrary\SqlServerLibrary.csproj", "{9AE8C8B4-AE26-4A6D-9D45-390A4730B873}"
EndProject
Project("{9A19103F-16F7-4668-BE54-9A1E7A4F7556}") = "OwnedEntities", "OwnedEntities\OwnedEntities.csproj", "{595069E0-CFDA-4C7E-BAF0-7EA0CD97785D}"
EndProject
Project("{9A19103F-16F7-4668-BE54-9A1E7A4F7556}") = "EntityFrameworkCoreHelpers", "EntityFrameworkCoreHelpers\EntityFrameworkCoreHelpers.csproj", "{EABD75E6-EE86-4299-B98E-F6EE8A8FA6D9}"
EndProject
Project("{2150E333-8FDC-42A3-9474-1A3956D46DE8}") = "Ports from earlier releases", "Ports from earlier releases", "{40E19FD5-0B0C-4C2E-90FB-E8D693016C7F}"
EndProject
Project("{9A19103F-16F7-4668-BE54-9A1E7A4F7556}") = "SortByColumnNameApp", "SortByColumnNameApp\SortByColumnNameApp.csproj", "{460119B0-66BA-4C16-A634-47A776FE2B4A}"
EndProject
Project("{2150E333-8FDC-42A3-9474-1A3956D46DE8}") = "CreatePopulate", "CreatePopulate", "{9F44C259-8C06-4642-AACE-995D62A865B4}"
EndProject
Project("{9A19103F-16F7-4668-BE54-9A1E7A4F7556}") = "CreateAndPopulateSqlServerApp", "CreateAndPopulateSqlServerApp\CreateAndPopulateSqlServerApp.csproj", "{0E11D969-DADD-40A3-8BAC-070379EB0DD4}"
EndProject
Project("{2150E333-8FDC-42A3-9474-1A3956D46DE8}") = "Test projects", "Test projects", "{20491D0D-86E2-43B4-A2C1-1B6D75418576}"
EndProject
Project("{9A19103F-16F7-4668-BE54-9A1E7A4F7556}") = "TestingStuff", "TestingStuff\TestingStuff.csproj", "{A054089A-6EDE-48DA-8F01-1D9B7AF03FD2}"
EndProject
Project("{9A19103F-16F7-4668-BE54-9A1E7A4F7556}") = "Hybrid.Core", "Hybrid.Core\Hybrid.Core.csproj", "{AEC2DB53-68B7-452F-B997-C518E277A9D6}"
EndProject
Project("{9A19103F-16F7-4668-BE54-9A1E7A4F7556}") = "HybridTestProject", "HybridTestProject\HybridTestProject.csproj", "{6932F950-CC6E-46FA-AFB9-524DF83EC69C}"
EndProject
Project("{9A19103F-16F7-4668-BE54-9A1E7A4F7556}") = "Json1App", "Json1App\Json1App.csproj", "{D4E854CA-DB2E-4733-B11B-2677944E9A9A}"
EndProject
Project("{9A19103F-16F7-4668-BE54-9A1E7A4F7556}") = "TranslationStringIndexOfApp", "TranslationStringIndexOfApp\TranslationStringIndexOfApp.csproj", "{D60E2F98-0BBA-4D8B-8F41-626EC0F2E3AF}"
EndProject
Project("{2150E333-8FDC-42A3-9474-1A3956D46DE8}") = "JsonExamples", "JsonExamples", "{405F4099-D1C2-4F70-9D4F-BA1F943A0150}"
EndProject
Project("{FAE04EC0-301F-11D3-BF4B-00C04F79EFBC}") = "WebStandardsWithJson", "WebStandardsWithJson\WebStandardsWithJson.csproj", "{EFFAD498-5877-46DA-9ADE-E127A8943228}"
EndProject
Global
	GlobalSection(SolutionConfigurationPlatforms) = preSolution
		Debug|Any CPU = Debug|Any CPU
		Release|Any CPU = Release|Any CPU
	EndGlobalSection
	GlobalSection(ProjectConfigurationPlatforms) = postSolution
		{14DB1CAA-71C2-42C2-9F60-C225FB36C8EF}.Debug|Any CPU.ActiveCfg = Debug|Any CPU
		{14DB1CAA-71C2-42C2-9F60-C225FB36C8EF}.Debug|Any CPU.Build.0 = Debug|Any CPU
		{14DB1CAA-71C2-42C2-9F60-C225FB36C8EF}.Release|Any CPU.ActiveCfg = Release|Any CPU
		{14DB1CAA-71C2-42C2-9F60-C225FB36C8EF}.Release|Any CPU.Build.0 = Release|Any CPU
		{A9BDBD89-0CC7-4BDD-8765-841E7107E252}.Debug|Any CPU.ActiveCfg = Debug|Any CPU
		{A9BDBD89-0CC7-4BDD-8765-841E7107E252}.Debug|Any CPU.Build.0 = Debug|Any CPU
		{A9BDBD89-0CC7-4BDD-8765-841E7107E252}.Release|Any CPU.ActiveCfg = Release|Any CPU
		{A9BDBD89-0CC7-4BDD-8765-841E7107E252}.Release|Any CPU.Build.0 = Release|Any CPU
		{E0ADCB66-82C3-4E99-A841-3FD9FBAFB1C7}.Debug|Any CPU.ActiveCfg = Debug|Any CPU
		{E0ADCB66-82C3-4E99-A841-3FD9FBAFB1C7}.Debug|Any CPU.Build.0 = Debug|Any CPU
		{E0ADCB66-82C3-4E99-A841-3FD9FBAFB1C7}.Release|Any CPU.ActiveCfg = Release|Any CPU
		{E0ADCB66-82C3-4E99-A841-3FD9FBAFB1C7}.Release|Any CPU.Build.0 = Release|Any CPU
		{6B489C5E-BF91-459F-BAD9-EA9FB8368D0D}.Debug|Any CPU.ActiveCfg = Debug|Any CPU
		{6B489C5E-BF91-459F-BAD9-EA9FB8368D0D}.Debug|Any CPU.Build.0 = Debug|Any CPU
		{6B489C5E-BF91-459F-BAD9-EA9FB8368D0D}.Release|Any CPU.ActiveCfg = Release|Any CPU
		{6B489C5E-BF91-459F-BAD9-EA9FB8368D0D}.Release|Any CPU.Build.0 = Release|Any CPU
		{9AE8C8B4-AE26-4A6D-9D45-390A4730B873}.Debug|Any CPU.ActiveCfg = Debug|Any CPU
		{9AE8C8B4-AE26-4A6D-9D45-390A4730B873}.Debug|Any CPU.Build.0 = Debug|Any CPU
		{9AE8C8B4-AE26-4A6D-9D45-390A4730B873}.Release|Any CPU.ActiveCfg = Release|Any CPU
		{9AE8C8B4-AE26-4A6D-9D45-390A4730B873}.Release|Any CPU.Build.0 = Release|Any CPU
		{595069E0-CFDA-4C7E-BAF0-7EA0CD97785D}.Debug|Any CPU.ActiveCfg = Debug|Any CPU
		{595069E0-CFDA-4C7E-BAF0-7EA0CD97785D}.Debug|Any CPU.Build.0 = Debug|Any CPU
		{595069E0-CFDA-4C7E-BAF0-7EA0CD97785D}.Release|Any CPU.ActiveCfg = Release|Any CPU
		{595069E0-CFDA-4C7E-BAF0-7EA0CD97785D}.Release|Any CPU.Build.0 = Release|Any CPU
		{EABD75E6-EE86-4299-B98E-F6EE8A8FA6D9}.Debug|Any CPU.ActiveCfg = Debug|Any CPU
		{EABD75E6-EE86-4299-B98E-F6EE8A8FA6D9}.Debug|Any CPU.Build.0 = Debug|Any CPU
		{EABD75E6-EE86-4299-B98E-F6EE8A8FA6D9}.Release|Any CPU.ActiveCfg = Release|Any CPU
		{EABD75E6-EE86-4299-B98E-F6EE8A8FA6D9}.Release|Any CPU.Build.0 = Release|Any CPU
		{460119B0-66BA-4C16-A634-47A776FE2B4A}.Debug|Any CPU.ActiveCfg = Debug|Any CPU
		{460119B0-66BA-4C16-A634-47A776FE2B4A}.Debug|Any CPU.Build.0 = Debug|Any CPU
		{460119B0-66BA-4C16-A634-47A776FE2B4A}.Release|Any CPU.ActiveCfg = Release|Any CPU
		{460119B0-66BA-4C16-A634-47A776FE2B4A}.Release|Any CPU.Build.0 = Release|Any CPU
		{0E11D969-DADD-40A3-8BAC-070379EB0DD4}.Debug|Any CPU.ActiveCfg = Debug|Any CPU
		{0E11D969-DADD-40A3-8BAC-070379EB0DD4}.Debug|Any CPU.Build.0 = Debug|Any CPU
		{0E11D969-DADD-40A3-8BAC-070379EB0DD4}.Release|Any CPU.ActiveCfg = Release|Any CPU
		{0E11D969-DADD-40A3-8BAC-070379EB0DD4}.Release|Any CPU.Build.0 = Release|Any CPU
		{A054089A-6EDE-48DA-8F01-1D9B7AF03FD2}.Debug|Any CPU.ActiveCfg = Debug|Any CPU
		{A054089A-6EDE-48DA-8F01-1D9B7AF03FD2}.Debug|Any CPU.Build.0 = Debug|Any CPU
		{A054089A-6EDE-48DA-8F01-1D9B7AF03FD2}.Release|Any CPU.ActiveCfg = Release|Any CPU
		{A054089A-6EDE-48DA-8F01-1D9B7AF03FD2}.Release|Any CPU.Build.0 = Release|Any CPU
		{AEC2DB53-68B7-452F-B997-C518E277A9D6}.Debug|Any CPU.ActiveCfg = Debug|Any CPU
		{AEC2DB53-68B7-452F-B997-C518E277A9D6}.Debug|Any CPU.Build.0 = Debug|Any CPU
		{AEC2DB53-68B7-452F-B997-C518E277A9D6}.Release|Any CPU.ActiveCfg = Release|Any CPU
		{AEC2DB53-68B7-452F-B997-C518E277A9D6}.Release|Any CPU.Build.0 = Release|Any CPU
		{6932F950-CC6E-46FA-AFB9-524DF83EC69C}.Debug|Any CPU.ActiveCfg = Debug|Any CPU
		{6932F950-CC6E-46FA-AFB9-524DF83EC69C}.Debug|Any CPU.Build.0 = Debug|Any CPU
		{6932F950-CC6E-46FA-AFB9-524DF83EC69C}.Release|Any CPU.ActiveCfg = Release|Any CPU
		{6932F950-CC6E-46FA-AFB9-524DF83EC69C}.Release|Any CPU.Build.0 = Release|Any CPU
		{D4E854CA-DB2E-4733-B11B-2677944E9A9A}.Debug|Any CPU.ActiveCfg = Debug|Any CPU
		{D4E854CA-DB2E-4733-B11B-2677944E9A9A}.Debug|Any CPU.Build.0 = Debug|Any CPU
		{D4E854CA-DB2E-4733-B11B-2677944E9A9A}.Release|Any CPU.ActiveCfg = Release|Any CPU
		{D4E854CA-DB2E-4733-B11B-2677944E9A9A}.Release|Any CPU.Build.0 = Release|Any CPU
		{D60E2F98-0BBA-4D8B-8F41-626EC0F2E3AF}.Debug|Any CPU.ActiveCfg = Debug|Any CPU
		{D60E2F98-0BBA-4D8B-8F41-626EC0F2E3AF}.Debug|Any CPU.Build.0 = Debug|Any CPU
		{D60E2F98-0BBA-4D8B-8F41-626EC0F2E3AF}.Release|Any CPU.ActiveCfg = Release|Any CPU
		{D60E2F98-0BBA-4D8B-8F41-626EC0F2E3AF}.Release|Any CPU.Build.0 = Release|Any CPU
		{EFFAD498-5877-46DA-9ADE-E127A8943228}.Debug|Any CPU.ActiveCfg = Debug|Any CPU
		{EFFAD498-5877-46DA-9ADE-E127A8943228}.Debug|Any CPU.Build.0 = Debug|Any CPU
		{EFFAD498-5877-46DA-9ADE-E127A8943228}.Release|Any CPU.ActiveCfg = Release|Any CPU
		{EFFAD498-5877-46DA-9ADE-E127A8943228}.Release|Any CPU.Build.0 = Release|Any CPU
	EndGlobalSection
	GlobalSection(SolutionProperties) = preSolution
		HideSolutionNode = FALSE
	EndGlobalSection
	GlobalSection(NestedProjects) = preSolution
		{9AE8C8B4-AE26-4A6D-9D45-390A4730B873} = {7673675A-9A0C-4C70-95EF-6B3A3BBD39B5}
		{EABD75E6-EE86-4299-B98E-F6EE8A8FA6D9} = {7673675A-9A0C-4C70-95EF-6B3A3BBD39B5}
		{460119B0-66BA-4C16-A634-47A776FE2B4A} = {40E19FD5-0B0C-4C2E-90FB-E8D693016C7F}
		{0E11D969-DADD-40A3-8BAC-070379EB0DD4} = {9F44C259-8C06-4642-AACE-995D62A865B4}
		{A054089A-6EDE-48DA-8F01-1D9B7AF03FD2} = {20491D0D-86E2-43B4-A2C1-1B6D75418576}
		{AEC2DB53-68B7-452F-B997-C518E277A9D6} = {7673675A-9A0C-4C70-95EF-6B3A3BBD39B5}
		{6932F950-CC6E-46FA-AFB9-524DF83EC69C} = {20491D0D-86E2-43B4-A2C1-1B6D75418576}
		{D4E854CA-DB2E-4733-B11B-2677944E9A9A} = {405F4099-D1C2-4F70-9D4F-BA1F943A0150}
		{EFFAD498-5877-46DA-9ADE-E127A8943228} = {405F4099-D1C2-4F70-9D4F-BA1F943A0150}
	EndGlobalSection
	GlobalSection(ExtensibilityGlobals) = postSolution
		SolutionGuid = {D444C392-6811-41FD-8977-BB91D350D2F7}
	EndGlobalSection
EndGlobal
